
Microsoft Visual Studio Solution File, Format Version 12.00
# Visual Studio Express 2012 for Windows Desktop
Project("{FAE04EC0-301F-11D3-BF4B-00C04F79EFBC}") = "ToldEm.Core", "ToldEm.Core\ToldEm.Core.csproj", "{96E38731-DB0A-42E3-84E4-04B8C8D43B95}"
EndProject
Project("{FAE04EC0-301F-11D3-BF4B-00C04F79EFBC}") = "ToldEm.WPF", "ToldEm.WPF\ToldEm.WPF.csproj", "{15C5072B-6491-4BCB-ACB9-F5539F31FD9B}"
EndProject
Global
	GlobalSection(SolutionConfigurationPlatforms) = preSolution
		Debug|Any CPU = Debug|Any CPU
		Release|Any CPU = Release|Any CPU
	EndGlobalSection
	GlobalSection(ProjectConfigurationPlatforms) = postSolution
		{96E38731-DB0A-42E3-84E4-04B8C8D43B95}.Debug|Any CPU.ActiveCfg = Debug|Any CPU
		{96E38731-DB0A-42E3-84E4-04B8C8D43B95}.Debug|Any CPU.Build.0 = Debug|Any CPU
		{96E38731-DB0A-42E3-84E4-04B8C8D43B95}.Release|Any CPU.ActiveCfg = Release|Any CPU
		{96E38731-DB0A-42E3-84E4-04B8C8D43B95}.Release|Any CPU.Build.0 = Release|Any CPU
		{15C5072B-6491-4BCB-ACB9-F5539F31FD9B}.Debug|Any CPU.ActiveCfg = Debug|Any CPU
		{15C5072B-6491-4BCB-ACB9-F5539F31FD9B}.Debug|Any CPU.Build.0 = Debug|Any CPU
		{15C5072B-6491-4BCB-ACB9-F5539F31FD9B}.Release|Any CPU.ActiveCfg = Release|Any CPU
		{15C5072B-6491-4BCB-ACB9-F5539F31FD9B}.Release|Any CPU.Build.0 = Release|Any CPU
	EndGlobalSection
	GlobalSection(SolutionProperties) = preSolution
		HideSolutionNode = FALSE
	EndGlobalSection
EndGlobal
